PODS:
  - Flutter (1.0.0)
  - GLTFSceneKit (0.3.0)
  - integration_test (0.0.1):
    - Flutter
  - interactive_3d (0.0.2):
    - Flutter
    - GLTFSceneKit (~> 0.3.0)

DEPENDENCIES:
  - Flutter (from `Flutter`)
  - GLTFSceneKit
  - integration_test (from `.symlinks/plugins/integration_test/ios`)
  - interactive_3d (from `.symlinks/plugins/interactive_3d/ios`)

SPEC REPOS:
  trunk:
    - GLTFSceneKit

EXTERNAL SOURCES:
  Flutter:
    :path: Flutter
  integration_test:
    :path: ".symlinks/plugins/integration_test/ios"
  interactive_3d:
    :path: ".symlinks/plugins/interactive_3d/ios"

SPEC CHECKSUMS:
  Flutter: e0871f40cf51350855a761d2e70bf5af5b9b5de7
  GLTFSceneKit: d1b437c514ba2aed5555afb0fddd64e030612d57
  integration_test: 4a889634ef21a45d28d50d622cf412dc6d9f586e
  interactive_3d: 7d691b9bc1ecb9bfd4b7df47f4e55bb19b30f581

PODFILE CHECKSUM: 984ae68da4551b355f9df642e1bf4b67d85f5215

COCOAPODS: 1.16.2
